
Microsoft Visual Studio Solution File, Format Version 12.00
Project("{FAE04EC0-301F-11D3-BF4B-00C04F79EFBC}") = "App", "App\App.csproj", "{B3A917F0-E290-4840-9388-004B0EFB79E0}"
EndProject
Global
	GlobalSection(SolutionConfigurationPlatforms) = preSolution
		Debug|Any CPU = Debug|Any CPU
		Release|Any CPU = Release|Any CPU
	EndGlobalSection
	GlobalSection(ProjectConfigurationPlatforms) = postSolution
		{B3A917F0-E290-4840-9388-004B0EFB79E0}.Debug|Any CPU.ActiveCfg = Debug|Any CPU
		{B3A917F0-E290-4840-9388-004B0EFB79E0}.Debug|Any CPU.Build.0 = Debug|Any CPU
		{B3A917F0-E290-4840-9388-004B0EFB79E0}.Release|Any CPU.ActiveCfg = Release|Any CPU
		{B3A917F0-E290-4840-9388-004B0EFB79E0}.Release|Any CPU.Build.0 = Release|Any CPU
	EndGlobalSection
EndGlobal
